<?xml version="1.0" encoding="utf-8"?>
<Project ToolsVersion="4.0" xmlns="http://schemas.microsoft.com/developer/msbuild/2003">
  <ItemGroup>
    <Filter Include="Source Files">
      <UniqueIdentifier>{4FC737F1-C7A5-4376-A066-2A32D752A2FF}</UniqueIdentifier>
      <Extensions>cpp;c;cc;cxx;def;odl;idl;hpj;bat;asm;asmx</Extensions>
    </Filter>
    <Filter Include="Header Files">
      <UniqueIdentifier>{93995380-89BD-4b04-88EB-625FBE52EBFB}</UniqueIdentifier>
      <Extensions>h;hpp;hxx;hm;inl;inc;xsd</Extensions>
    </Filter>
    <Filter Include="Resource Files">
      <UniqueIdentifier>{67DA6AB6-F800-4c08-8B7A-83BB121AAD01}</UniqueIdentifier>
      <Extensions>rc;ico;cur;bmp;dlg;rc2;rct;bin;rgs;gif;jpg;jpeg;jpe;resx;tiff;tif;png;wav;mfcribbon-ms</Extensions>
    </Filter>
  </ItemGroup>
  <ItemGroup>
    <ClInclude Include="GlobalEntityEnum.h">
      <Filter>Header Files</Filter>
    </ClInclude>
    <ClInclude Include="GlobalTypeEnum.h">
      <Filter>Header Files</Filter>
    </ClInclude>
    <ClInclude Include="PBaseEntity.h">
      <Filter>Header Files</Filter>
    </ClInclude>
    <ClInclude Include="PBaseWorld.h">
      <Filter>Header Files</Filter>
    </ClInclude>
    <ClInclude Include="PGameContainer.h">
      <Filter>Header Files</Filter>
    </ClInclude>
    <ClInclude Include="PItem.h">
      <Filter>Header Files</Filter>
    </ClInclude>
    <ClInclude Include="PItemDTag.h">
      <Filter>Header Files</Filter>
    </ClInclude>
    <ClInclude Include="PItemListItem.h">
      <Filter>Header Files</Filter>
    </ClInclude>
    <ClInclude Include="PMap.h">
      <Filter>Header Files</Filter>
    </ClInclude>
    <ClInclude Include="PState.h">
      <Filter>Header Files</Filter>
    </ClInclude>
    <ClInclude Include="GlobalExceptions.h">
      <Filter>Header Files</Filter>
    </ClInclude>
    <ClInclude Include="PorkString.h">
      <Filter>Header Files</Filter>
    </ClInclude>
  </ItemGroup>
  <ItemGroup>
    <ClCompile Include="PBaseEntity.cpp">
      <Filter>Source Files</Filter>
    </ClCompile>
    <ClCompile Include="PBaseWorld.cpp">
      <Filter>Source Files</Filter>
    </ClCompile>
    <ClCompile Include="PItem.cpp">
      <Filter>Source Files</Filter>
    </ClCompile>
    <ClCompile Include="PItemDTag.cpp">
      <Filter>Source Files</Filter>
    </ClCompile>
    <ClCompile Include="PItemListItem.cpp">
      <Filter>Source Files</Filter>
    </ClCompile>
    <ClCompile Include="PMap.cpp">
      <Filter>Source Files</Filter>
    </ClCompile>
    <ClCompile Include="PState.cpp">
      <Filter>Source Files</Filter>
    </ClCompile>
    <ClCompile Include="PGameContainer.cpp">
      <Filter>Source Files</Filter>
    </ClCompile>
  </ItemGroup>
</Project>